
Microsoft Visual Studio Solution File, Format Version 12.00
# Visual Studio Version 16
VisualStudioVersion = 16.0.31025.194
MinimumVisualStudioVersion = 10.0.40219.1
Project("{F2A71F9B-5D33-465A-A702-920D77279786}") = "Degree", "Degree\Degree.fsproj", "{2CAFF234-EEFD-4E44-A826-DEB2469478E3}"
EndProject
Global
	GlobalSection(SolutionConfigurationPlatforms) = preSolution
		Debug|Any CPU = Debug|Any CPU
		Release|Any CPU = Release|Any CPU
	EndGlobalSection
	GlobalSection(ProjectConfigurationPlatforms) = postSolution
		{2CAFF234-EEFD-4E44-A826-DEB2469478E3}.Debug|Any CPU.ActiveCfg = Debug|Any CPU
		{2CAFF234-EEFD-4E44-A826-DEB2469478E3}.Debug|Any CPU.Build.0 = Debug|Any CPU
		{2CAFF234-EEFD-4E44-A826-DEB2469478E3}.Release|Any CPU.ActiveCfg = Release|Any CPU
		{2CAFF234-EEFD-4E44-A826-DEB2469478E3}.Release|Any CPU.Build.0 = Release|Any CPU
	EndGlobalSection
	GlobalSection(SolutionProperties) = preSolution
		HideSolutionNode = FALSE
	EndGlobalSection
	GlobalSection(ExtensibilityGlobals) = postSolution
		SolutionGuid = {744394CE-56AB-46A5-AB96-507392DCB03B}
	EndGlobalSection
EndGlobal
