
Microsoft Visual Studio Solution File, Format Version 12.00
# Visual Studio Version 16
VisualStudioVersion = 16.0.30114.105
MinimumVisualStudioVersion = 10.0.40219.1
Project("{F2A71F9B-5D33-465A-A702-920D77279786}") = "AutosAlg", "AutosAlg\AutosAlg.fsproj", "{0F8074CE-F2BE-460E-9C8B-3DD98709B14A}"
EndProject
Project("{F2A71F9B-5D33-465A-A702-920D77279786}") = "AutosAlgTest", "AutosAlgTest\AutosAlgTest.fsproj", "{1413FC45-8A6C-4F9E-A31D-645C6C886BFD}"
EndProject
Global
	GlobalSection(SolutionConfigurationPlatforms) = preSolution
		Debug|Any CPU = Debug|Any CPU
		Debug|x64 = Debug|x64
		Debug|x86 = Debug|x86
		Release|Any CPU = Release|Any CPU
		Release|x64 = Release|x64
		Release|x86 = Release|x86
	EndGlobalSection
	GlobalSection(SolutionProperties) = preSolution
		HideSolutionNode = FALSE
	EndGlobalSection
	GlobalSection(ProjectConfigurationPlatforms) = postSolution
		{0F8074CE-F2BE-460E-9C8B-3DD98709B14A}.Debug|Any CPU.ActiveCfg = Debug|Any CPU
		{0F8074CE-F2BE-460E-9C8B-3DD98709B14A}.Debug|Any CPU.Build.0 = Debug|Any CPU
		{0F8074CE-F2BE-460E-9C8B-3DD98709B14A}.Debug|x64.ActiveCfg = Debug|Any CPU
		{0F8074CE-F2BE-460E-9C8B-3DD98709B14A}.Debug|x64.Build.0 = Debug|Any CPU
		{0F8074CE-F2BE-460E-9C8B-3DD98709B14A}.Debug|x86.ActiveCfg = Debug|Any CPU
		{0F8074CE-F2BE-460E-9C8B-3DD98709B14A}.Debug|x86.Build.0 = Debug|Any CPU
		{0F8074CE-F2BE-460E-9C8B-3DD98709B14A}.Release|Any CPU.ActiveCfg = Release|Any CPU
		{0F8074CE-F2BE-460E-9C8B-3DD98709B14A}.Release|Any CPU.Build.0 = Release|Any CPU
		{0F8074CE-F2BE-460E-9C8B-3DD98709B14A}.Release|x64.ActiveCfg = Release|Any CPU
		{0F8074CE-F2BE-460E-9C8B-3DD98709B14A}.Release|x64.Build.0 = Release|Any CPU
		{0F8074CE-F2BE-460E-9C8B-3DD98709B14A}.Release|x86.ActiveCfg = Release|Any CPU
		{0F8074CE-F2BE-460E-9C8B-3DD98709B14A}.Release|x86.Build.0 = Release|Any CPU
		{1413FC45-8A6C-4F9E-A31D-645C6C886BFD}.Debug|Any CPU.ActiveCfg = Debug|Any CPU
		{1413FC45-8A6C-4F9E-A31D-645C6C886BFD}.Debug|Any CPU.Build.0 = Debug|Any CPU
		{1413FC45-8A6C-4F9E-A31D-645C6C886BFD}.Debug|x64.ActiveCfg = Debug|Any CPU
		{1413FC45-8A6C-4F9E-A31D-645C6C886BFD}.Debug|x64.Build.0 = Debug|Any CPU
		{1413FC45-8A6C-4F9E-A31D-645C6C886BFD}.Debug|x86.ActiveCfg = Debug|Any CPU
		{1413FC45-8A6C-4F9E-A31D-645C6C886BFD}.Debug|x86.Build.0 = Debug|Any CPU
		{1413FC45-8A6C-4F9E-A31D-645C6C886BFD}.Release|Any CPU.ActiveCfg = Release|Any CPU
		{1413FC45-8A6C-4F9E-A31D-645C6C886BFD}.Release|Any CPU.Build.0 = Release|Any CPU
		{1413FC45-8A6C-4F9E-A31D-645C6C886BFD}.Release|x64.ActiveCfg = Release|Any CPU
		{1413FC45-8A6C-4F9E-A31D-645C6C886BFD}.Release|x64.Build.0 = Release|Any CPU
		{1413FC45-8A6C-4F9E-A31D-645C6C886BFD}.Release|x86.ActiveCfg = Release|Any CPU
		{1413FC45-8A6C-4F9E-A31D-645C6C886BFD}.Release|x86.Build.0 = Release|Any CPU
	EndGlobalSection
EndGlobal
