
Microsoft Visual Studio Solution File, Format Version 12.00
# Visual Studio Version 16
VisualStudioVersion = 16.0.31025.194
MinimumVisualStudioVersion = 10.0.40219.1
Project("{F2A71F9B-5D33-465A-A702-920D77279786}") = "HW2T3", "HW2T3\HW2T3.fsproj", "{73218C13-0955-4B4A-83D5-7BAC62325E5F}"
EndProject
Project("{F2A71F9B-5D33-465A-A702-920D77279786}") = "HW2T3Tests", "HW2T3Tests\HW2T3Tests.fsproj", "{AC71BF4F-4113-48CE-B1FF-9154D11F25EA}"
EndProject
Global
	GlobalSection(SolutionConfigurationPlatforms) = preSolution
		Debug|Any CPU = Debug|Any CPU
		Release|Any CPU = Release|Any CPU
	EndGlobalSection
	GlobalSection(ProjectConfigurationPlatforms) = postSolution
		{73218C13-0955-4B4A-83D5-7BAC62325E5F}.Debug|Any CPU.ActiveCfg = Debug|Any CPU
		{73218C13-0955-4B4A-83D5-7BAC62325E5F}.Debug|Any CPU.Build.0 = Debug|Any CPU
		{73218C13-0955-4B4A-83D5-7BAC62325E5F}.Release|Any CPU.ActiveCfg = Release|Any CPU
		{73218C13-0955-4B4A-83D5-7BAC62325E5F}.Release|Any CPU.Build.0 = Release|Any CPU
		{AC71BF4F-4113-48CE-B1FF-9154D11F25EA}.Debug|Any CPU.ActiveCfg = Debug|Any CPU
		{AC71BF4F-4113-48CE-B1FF-9154D11F25EA}.Debug|Any CPU.Build.0 = Debug|Any CPU
		{AC71BF4F-4113-48CE-B1FF-9154D11F25EA}.Release|Any CPU.ActiveCfg = Release|Any CPU
		{AC71BF4F-4113-48CE-B1FF-9154D11F25EA}.Release|Any CPU.Build.0 = Release|Any CPU
	EndGlobalSection
	GlobalSection(SolutionProperties) = preSolution
		HideSolutionNode = FALSE
	EndGlobalSection
	GlobalSection(ExtensibilityGlobals) = postSolution
		SolutionGuid = {0112325F-2C4B-4A3C-9A67-063478E1FA92}
	EndGlobalSection
EndGlobal
