
Microsoft Visual Studio Solution File, Format Version 12.00
# Visual Studio Version 16
VisualStudioVersion = 16.0.31025.194
MinimumVisualStudioVersion = 10.0.40219.1
Project("{F2A71F9B-5D33-465A-A702-920D77279786}") = "PointTree", "PointTree\PointTree.fsproj", "{C1117009-55E8-42ED-8676-8055E577D804}"
EndProject
Project("{F2A71F9B-5D33-465A-A702-920D77279786}") = "PointTreeTests", "PointTreeTests\PointTreeTests.fsproj", "{C25FE8FB-B774-4B38-9588-6750C302451F}"
EndProject
Global
	GlobalSection(SolutionConfigurationPlatforms) = preSolution
		Debug|Any CPU = Debug|Any CPU
		Release|Any CPU = Release|Any CPU
	EndGlobalSection
	GlobalSection(ProjectConfigurationPlatforms) = postSolution
		{C1117009-55E8-42ED-8676-8055E577D804}.Debug|Any CPU.ActiveCfg = Debug|Any CPU
		{C1117009-55E8-42ED-8676-8055E577D804}.Debug|Any CPU.Build.0 = Debug|Any CPU
		{C1117009-55E8-42ED-8676-8055E577D804}.Release|Any CPU.ActiveCfg = Release|Any CPU
		{C1117009-55E8-42ED-8676-8055E577D804}.Release|Any CPU.Build.0 = Release|Any CPU
		{C25FE8FB-B774-4B38-9588-6750C302451F}.Debug|Any CPU.ActiveCfg = Debug|Any CPU
		{C25FE8FB-B774-4B38-9588-6750C302451F}.Debug|Any CPU.Build.0 = Debug|Any CPU
		{C25FE8FB-B774-4B38-9588-6750C302451F}.Release|Any CPU.ActiveCfg = Release|Any CPU
		{C25FE8FB-B774-4B38-9588-6750C302451F}.Release|Any CPU.Build.0 = Release|Any CPU
	EndGlobalSection
	GlobalSection(SolutionProperties) = preSolution
		HideSolutionNode = FALSE
	EndGlobalSection
	GlobalSection(ExtensibilityGlobals) = postSolution
		SolutionGuid = {C2B6F5BE-5F03-4A10-9198-48408639DE1B}
	EndGlobalSection
EndGlobal
